
Microsoft Visual Studio Solution File, Format Version 12.00
# Visual Studio Version 17
VisualStudioVersion = 17.12.35707.178
MinimumVisualStudioVersion = 10.0.40219.1
Project("{FAE04EC0-301F-11D3-BF4B-00C04F79EFBC}") = "Veterinary", "Veterinary\Veterinary.csproj", "{1044C5C5-BE25-456B-B243-84DBFDD14159}"
EndProject
Project("{00D1A9C2-B5F0-4AF3-8072-F6C62B433612}") = "Veterinary_DB", "Veterinary_DB\Veterinary_DB.sqlproj", "{C92982EB-01ED-47E2-8377-215753580776}"
EndProject
Project("{FAE04EC0-301F-11D3-BF4B-00C04F79EFBC}") = "Veterinary_Business", "Veterinary_Business\Veterinary_Business.csproj", "{25F3330C-5DB0-4D1A-AA2C-494F4C2662D1}"
EndProject
Global
	GlobalSection(SolutionConfigurationPlatforms) = preSolution
		Debug|Any CPU = Debug|Any CPU
		Release|Any CPU = Release|Any CPU
	EndGlobalSection
	GlobalSection(ProjectConfigurationPlatforms) = postSolution
		{1044C5C5-BE25-456B-B243-84DBFDD14159}.Debug|Any CPU.ActiveCfg = Debug|Any CPU
		{1044C5C5-BE25-456B-B243-84DBFDD14159}.Debug|Any CPU.Build.0 = Debug|Any CPU
		{1044C5C5-BE25-456B-B243-84DBFDD14159}.Release|Any CPU.ActiveCfg = Release|Any CPU
		{1044C5C5-BE25-456B-B243-84DBFDD14159}.Release|Any CPU.Build.0 = Release|Any CPU
		{C92982EB-01ED-47E2-8377-215753580776}.Debug|Any CPU.ActiveCfg = Debug|Any CPU
		{C92982EB-01ED-47E2-8377-215753580776}.Debug|Any CPU.Build.0 = Debug|Any CPU
		{C92982EB-01ED-47E2-8377-215753580776}.Debug|Any CPU.Deploy.0 = Debug|Any CPU
		{C92982EB-01ED-47E2-8377-215753580776}.Release|Any CPU.ActiveCfg = Release|Any CPU
		{C92982EB-01ED-47E2-8377-215753580776}.Release|Any CPU.Build.0 = Release|Any CPU
		{C92982EB-01ED-47E2-8377-215753580776}.Release|Any CPU.Deploy.0 = Release|Any CPU
		{25F3330C-5DB0-4D1A-AA2C-494F4C2662D1}.Debug|Any CPU.ActiveCfg = Debug|Any CPU
		{25F3330C-5DB0-4D1A-AA2C-494F4C2662D1}.Debug|Any CPU.Build.0 = Debug|Any CPU
		{25F3330C-5DB0-4D1A-AA2C-494F4C2662D1}.Release|Any CPU.ActiveCfg = Release|Any CPU
		{25F3330C-5DB0-4D1A-AA2C-494F4C2662D1}.Release|Any CPU.Build.0 = Release|Any CPU
	EndGlobalSection
	GlobalSection(SolutionProperties) = preSolution
		HideSolutionNode = FALSE
	EndGlobalSection
EndGlobal
